
Microsoft Visual Studio Solution File, Format Version 12.00
# Visual Studio 15
VisualStudioVersion = 15.0.27130.2024
MinimumVisualStudioVersion = 10.0.40219.1
Project("{9A19103F-16F7-4668-BE54-9A1E7A4F7556}") = "TCode.r2rml4net", "src\TCode.r2rml4net\TCode.r2rml4net.csproj", "{7C5D6099-CEA0-4D34-84C7-754A92E51798}"
EndProject
Project("{9A19103F-16F7-4668-BE54-9A1E7A4F7556}") = "TCode.r2rml4net.Tests", "src\TCode.r2rml4net.Tests\TCode.r2rml4net.Tests.csproj", "{A7938022-C641-4470-B22E-0CBBC2D11D5E}"
EndProject
Project("{9A19103F-16F7-4668-BE54-9A1E7A4F7556}") = "TCode.r2rml4net.Mapping.Tests", "src\TCode.r2rml4net.Mapping.Tests\TCode.r2rml4net.Mapping.Tests.csproj", "{B2B367CA-B338-4176-B97B-FB9B5558C4B0}"
EndProject
Project("{2150E333-8FDC-42A3-9474-1A3956D46DE8}") = "Solution Items", "Solution Items", "{4EAAEB3C-B182-4E09-BEF1-576977F217BA}"
	ProjectSection(SolutionItems) = preProject
		appveyor.yml = appveyor.yml
	EndProjectSection
EndProject
Project("{FAE04EC0-301F-11D3-BF4B-00C04F79EFBC}") = "TCode.r2rml4net.CLI", "src\TCode.r2rml4net.CLI\TCode.r2rml4net.CLI.csproj", "{C6DA01F8-2D2E-4324-9C09-C42809E4EFA7}"
EndProject
Global
	GlobalSection(SolutionConfigurationPlatforms) = preSolution
		Debug|Any CPU = Debug|Any CPU
		Release|Any CPU = Release|Any CPU
	EndGlobalSection
	GlobalSection(ProjectConfigurationPlatforms) = postSolution
		{7C5D6099-CEA0-4D34-84C7-754A92E51798}.Debug|Any CPU.ActiveCfg = Debug|Any CPU
		{7C5D6099-CEA0-4D34-84C7-754A92E51798}.Debug|Any CPU.Build.0 = Debug|Any CPU
		{7C5D6099-CEA0-4D34-84C7-754A92E51798}.Release|Any CPU.ActiveCfg = Release|Any CPU
		{7C5D6099-CEA0-4D34-84C7-754A92E51798}.Release|Any CPU.Build.0 = Release|Any CPU
		{A7938022-C641-4470-B22E-0CBBC2D11D5E}.Debug|Any CPU.ActiveCfg = Debug|Any CPU
		{A7938022-C641-4470-B22E-0CBBC2D11D5E}.Debug|Any CPU.Build.0 = Debug|Any CPU
		{A7938022-C641-4470-B22E-0CBBC2D11D5E}.Release|Any CPU.ActiveCfg = Release|Any CPU
		{A7938022-C641-4470-B22E-0CBBC2D11D5E}.Release|Any CPU.Build.0 = Release|Any CPU
		{B2B367CA-B338-4176-B97B-FB9B5558C4B0}.Debug|Any CPU.ActiveCfg = Debug|Any CPU
		{B2B367CA-B338-4176-B97B-FB9B5558C4B0}.Debug|Any CPU.Build.0 = Debug|Any CPU
		{B2B367CA-B338-4176-B97B-FB9B5558C4B0}.Release|Any CPU.ActiveCfg = Release|Any CPU
		{B2B367CA-B338-4176-B97B-FB9B5558C4B0}.Release|Any CPU.Build.0 = Release|Any CPU
		{C6DA01F8-2D2E-4324-9C09-C42809E4EFA7}.Debug|Any CPU.ActiveCfg = Debug|Any CPU
		{C6DA01F8-2D2E-4324-9C09-C42809E4EFA7}.Debug|Any CPU.Build.0 = Debug|Any CPU
		{C6DA01F8-2D2E-4324-9C09-C42809E4EFA7}.Release|Any CPU.ActiveCfg = Release|Any CPU
		{C6DA01F8-2D2E-4324-9C09-C42809E4EFA7}.Release|Any CPU.Build.0 = Release|Any CPU
	EndGlobalSection
	GlobalSection(SolutionProperties) = preSolution
		HideSolutionNode = FALSE
	EndGlobalSection
	GlobalSection(ExtensibilityGlobals) = postSolution
		SolutionGuid = {8697A159-563A-4207-A5FC-44AB2E9C3D6F}
	EndGlobalSection
EndGlobal
