
Microsoft Visual Studio Solution File, Format Version 11.00
# Visual Studio 2010
Project("{FAE04EC0-301F-11D3-BF4B-00C04F79EFBC}") = "TCode.r2rml4net", "TCode.r2rml4net\TCode.r2rml4net.csproj", "{7C5D6099-CEA0-4D34-84C7-754A92E51798}"
EndProject
Project("{FAE04EC0-301F-11D3-BF4B-00C04F79EFBC}") = "TCode.r2rml4net.Tests", "TCode.r2rml4net.Tests\TCode.r2rml4net.Tests.csproj", "{A7938022-C641-4470-B22E-0CBBC2D11D5E}"
EndProject
Project("{FAE04EC0-301F-11D3-BF4B-00C04F79EFBC}") = "TCode.r2rml4net.Mapping", "TCode.r2rml4net.Mapping\TCode.r2rml4net.Mapping.csproj", "{1C96F7F6-32B6-4FD3-A12F-5BEE2FD068D9}"
EndProject
Project("{FAE04EC0-301F-11D3-BF4B-00C04F79EFBC}") = "TCode.r2rml4net.Query", "TCode.r2rml4net.Query\TCode.r2rml4net.Query.csproj", "{3C3500A1-3E4A-4D0E-8902-715BE5461A17}"
EndProject
Project("{FAE04EC0-301F-11D3-BF4B-00C04F79EFBC}") = "TCode.r2rml4net.Mapping.Tests", "TCode.r2rml4net.Mapping.Tests\TCode.r2rml4net.Mapping.Tests.csproj", "{B2B367CA-B338-4176-B97B-FB9B5558C4B0}"
EndProject
Project("{2150E333-8FDC-42A3-9474-1A3956D46DE8}") = "Library", "Library", "{F2EE94E6-037C-4FCE-8B3C-0C7FBB2966FC}"
EndProject
Project("{2150E333-8FDC-42A3-9474-1A3956D46DE8}") = "Tests", "Tests", "{695D020B-DEBC-4D08-BCEF-7DE9474F0681}"
EndProject
Project("{2150E333-8FDC-42A3-9474-1A3956D46DE8}") = "Samples", "Samples", "{D9E50FF2-A9C9-4E9E-A3BE-19D250B23DE7}"
EndProject
Project("{2150E333-8FDC-42A3-9474-1A3956D46DE8}") = "Solution Items", "Solution Items", "{4EAAEB3C-B182-4E09-BEF1-576977F217BA}"
	ProjectSection(SolutionItems) = preProject
		..\r2rml.net-unstable.nuspec = ..\r2rml.net-unstable.nuspec
		..\r2rml.net.nuspec = ..\r2rml.net.nuspec
	EndProjectSection
EndProject
Global
	GlobalSection(SolutionConfigurationPlatforms) = preSolution
		Debug|Any CPU = Debug|Any CPU
		Release|Any CPU = Release|Any CPU
	EndGlobalSection
	GlobalSection(ProjectConfigurationPlatforms) = postSolution
		{7C5D6099-CEA0-4D34-84C7-754A92E51798}.Debug|Any CPU.ActiveCfg = Debug|Any CPU
		{7C5D6099-CEA0-4D34-84C7-754A92E51798}.Debug|Any CPU.Build.0 = Debug|Any CPU
		{7C5D6099-CEA0-4D34-84C7-754A92E51798}.Release|Any CPU.ActiveCfg = Release|Any CPU
		{7C5D6099-CEA0-4D34-84C7-754A92E51798}.Release|Any CPU.Build.0 = Release|Any CPU
		{A7938022-C641-4470-B22E-0CBBC2D11D5E}.Debug|Any CPU.ActiveCfg = Debug|Any CPU
		{A7938022-C641-4470-B22E-0CBBC2D11D5E}.Debug|Any CPU.Build.0 = Debug|Any CPU
		{A7938022-C641-4470-B22E-0CBBC2D11D5E}.Release|Any CPU.ActiveCfg = Release|Any CPU
		{A7938022-C641-4470-B22E-0CBBC2D11D5E}.Release|Any CPU.Build.0 = Release|Any CPU
		{1C96F7F6-32B6-4FD3-A12F-5BEE2FD068D9}.Debug|Any CPU.ActiveCfg = Debug|Any CPU
		{1C96F7F6-32B6-4FD3-A12F-5BEE2FD068D9}.Debug|Any CPU.Build.0 = Debug|Any CPU
		{1C96F7F6-32B6-4FD3-A12F-5BEE2FD068D9}.Release|Any CPU.ActiveCfg = Release|Any CPU
		{1C96F7F6-32B6-4FD3-A12F-5BEE2FD068D9}.Release|Any CPU.Build.0 = Release|Any CPU
		{3C3500A1-3E4A-4D0E-8902-715BE5461A17}.Debug|Any CPU.ActiveCfg = Debug|Any CPU
		{3C3500A1-3E4A-4D0E-8902-715BE5461A17}.Debug|Any CPU.Build.0 = Debug|Any CPU
		{3C3500A1-3E4A-4D0E-8902-715BE5461A17}.Release|Any CPU.ActiveCfg = Release|Any CPU
		{3C3500A1-3E4A-4D0E-8902-715BE5461A17}.Release|Any CPU.Build.0 = Release|Any CPU
		{B2B367CA-B338-4176-B97B-FB9B5558C4B0}.Debug|Any CPU.ActiveCfg = Debug|Any CPU
		{B2B367CA-B338-4176-B97B-FB9B5558C4B0}.Debug|Any CPU.Build.0 = Debug|Any CPU
		{B2B367CA-B338-4176-B97B-FB9B5558C4B0}.Release|Any CPU.ActiveCfg = Release|Any CPU
		{B2B367CA-B338-4176-B97B-FB9B5558C4B0}.Release|Any CPU.Build.0 = Release|Any CPU
	EndGlobalSection
	GlobalSection(SolutionProperties) = preSolution
		HideSolutionNode = FALSE
	EndGlobalSection
	GlobalSection(NestedProjects) = preSolution
		{1C96F7F6-32B6-4FD3-A12F-5BEE2FD068D9} = {F2EE94E6-037C-4FCE-8B3C-0C7FBB2966FC}
		{3C3500A1-3E4A-4D0E-8902-715BE5461A17} = {F2EE94E6-037C-4FCE-8B3C-0C7FBB2966FC}
		{7C5D6099-CEA0-4D34-84C7-754A92E51798} = {F2EE94E6-037C-4FCE-8B3C-0C7FBB2966FC}
		{B2B367CA-B338-4176-B97B-FB9B5558C4B0} = {695D020B-DEBC-4D08-BCEF-7DE9474F0681}
		{A7938022-C641-4470-B22E-0CBBC2D11D5E} = {695D020B-DEBC-4D08-BCEF-7DE9474F0681}
	EndGlobalSection
EndGlobal
